
Microsoft Visual Studio Solution File, Format Version 12.00
# Visual Studio Version 16
VisualStudioVersion = 16.0.29709.97
MinimumVisualStudioVersion = 10.0.40219.1
Project("{FAE04EC0-301F-11D3-BF4B-00C04F79EFBC}") = "BookOfKnowledge.RESTAPI", "BookOfKnowledge.RESTAPI\BookOfKnowledge.RESTAPI.csproj", "{5E42FCC5-E60E-4D67-BAF9-B1F1B1A02746}"
EndProject
Project("{FAE04EC0-301F-11D3-BF4B-00C04F79EFBC}") = "BookOfKnowledge.RESTAPI.Tests", "BookOfKnowledge.RESTAPI.Tests\BookOfKnowledge.RESTAPI.Tests.csproj", "{AD1AA309-0E35-4280-A5C0-C7991F336281}"
EndProject
Global
	GlobalSection(SolutionConfigurationPlatforms) = preSolution
		Debug|Any CPU = Debug|Any CPU
		Release|Any CPU = Release|Any CPU
	EndGlobalSection
	GlobalSection(ProjectConfigurationPlatforms) = postSolution
		{5E42FCC5-E60E-4D67-BAF9-B1F1B1A02746}.Debug|Any CPU.ActiveCfg = Debug|Any CPU
		{5E42FCC5-E60E-4D67-BAF9-B1F1B1A02746}.Debug|Any CPU.Build.0 = Debug|Any CPU
		{5E42FCC5-E60E-4D67-BAF9-B1F1B1A02746}.Release|Any CPU.ActiveCfg = Release|Any CPU
		{5E42FCC5-E60E-4D67-BAF9-B1F1B1A02746}.Release|Any CPU.Build.0 = Release|Any CPU
		{AD1AA309-0E35-4280-A5C0-C7991F336281}.Debug|Any CPU.ActiveCfg = Debug|Any CPU
		{AD1AA309-0E35-4280-A5C0-C7991F336281}.Debug|Any CPU.Build.0 = Debug|Any CPU
		{AD1AA309-0E35-4280-A5C0-C7991F336281}.Release|Any CPU.ActiveCfg = Release|Any CPU
		{AD1AA309-0E35-4280-A5C0-C7991F336281}.Release|Any CPU.Build.0 = Release|Any CPU
	EndGlobalSection
	GlobalSection(SolutionProperties) = preSolution
		HideSolutionNode = FALSE
	EndGlobalSection
	GlobalSection(ExtensibilityGlobals) = postSolution
		SolutionGuid = {E736E13D-D3EE-4BF4-9C24-F2D7A9D2E69F}
	EndGlobalSection
EndGlobal
