
Microsoft Visual Studio Solution File, Format Version 12.00
# Visual Studio Version 16
VisualStudioVersion = 16.0.29709.97
MinimumVisualStudioVersion = 10.0.40219.1
Project("{FAE04EC0-301F-11D3-BF4B-00C04F79EFBC}") = "BookOfKnowledge.Service", "BookOfKnowledge.Service\BookOfKnowledge.Service.csproj", "{C01D485F-4E61-4AFD-AFE3-C6D1657D567F}"
EndProject
Project("{FAE04EC0-301F-11D3-BF4B-00C04F79EFBC}") = "BookOfKnowledge.DataAccess", "BookOfKnowledge.DataAccess\BookOfKnowledge.DataAccess.csproj", "{628DA52B-DEB9-489D-BA99-5E5E37E3E445}"
EndProject
Project("{FAE04EC0-301F-11D3-BF4B-00C04F79EFBC}") = "BookOfKnowledge.Models", "BookOfKnowledge.Models\BookOfKnowledge.Models.csproj", "{2D4CB0F3-3176-424A-901F-38BDD8BD0C3C}"
EndProject
Project("{9A19103F-16F7-4668-BE54-9A1E7A4F7556}") = "BookOfKnowledge.RestAPI", "BookOfKnowledge.RestAPI\BookOfKnowledge.RestAPI.csproj", "{4834EF14-4BF1-429E-9991-DB682D7ECE23}"
EndProject
Project("{FAE04EC0-301F-11D3-BF4B-00C04F79EFBC}") = "Instrument.ICP01.datatrasnfer", "Instrument.ICP01.datatrasnfer\Instrument.ICP01.datatrasnfer.csproj", "{80151899-3B85-43A3-941D-B07D9597B6BC}"
EndProject
Project("{FAE04EC0-301F-11D3-BF4B-00C04F79EFBC}") = "Instrument.ICP01.datatransfer.WindowsService", "Instrument.ICP01.datatransfer.WindowsService\Instrument.ICP01.datatransfer.WindowsService.csproj", "{1D8F0F78-7630-48B0-819A-35A97A20EBCA}"
EndProject
Project("{FAE04EC0-301F-11D3-BF4B-00C04F79EFBC}") = "Datatransfer.UI.WPF", "Datatransfer.UI.WPF\Datatransfer.UI.WPF.csproj", "{FC24E879-4FF2-4B7F-A7C1-69F5A64435F3}"
EndProject
Project("{FAE04EC0-301F-11D3-BF4B-00C04F79EFBC}") = "BookOfKnowledge.UI.WindowsForms", "BookOfKnowledge.UI.WindowsForms\BookOfKnowledge.UI.WindowsForms.csproj", "{35F7126E-DBEC-453C-999B-0F4F13BCD430}"
EndProject
Project("{FAE04EC0-301F-11D3-BF4B-00C04F79EFBC}") = "BookOfKnowledge.UI.WebASPNET", "BookOfKnowledge.UI.WebASPNET\BookOfKnowledge.UI.WebASPNET.csproj", "{6DF42DF0-F56C-4298-A8C7-45577B66F5BE}"
EndProject
Project("{FAE04EC0-301F-11D3-BF4B-00C04F79EFBC}") = "BookOfKnowledge.UI.WebASPNETCORE", "BookOfKnowledge.UI.WebASPNETCORE\BookOfKnowledge.UI.WebASPNETCORE.csproj", "{BE6E2342-E615-48CF-B561-535064C2A66E}"
EndProject
Global
	GlobalSection(SolutionConfigurationPlatforms) = preSolution
		Debug|Any CPU = Debug|Any CPU
		Release|Any CPU = Release|Any CPU
	EndGlobalSection
	GlobalSection(ProjectConfigurationPlatforms) = postSolution
		{C01D485F-4E61-4AFD-AFE3-C6D1657D567F}.Debug|Any CPU.ActiveCfg = Debug|Any CPU
		{C01D485F-4E61-4AFD-AFE3-C6D1657D567F}.Debug|Any CPU.Build.0 = Debug|Any CPU
		{C01D485F-4E61-4AFD-AFE3-C6D1657D567F}.Release|Any CPU.ActiveCfg = Release|Any CPU
		{C01D485F-4E61-4AFD-AFE3-C6D1657D567F}.Release|Any CPU.Build.0 = Release|Any CPU
		{628DA52B-DEB9-489D-BA99-5E5E37E3E445}.Debug|Any CPU.ActiveCfg = Debug|Any CPU
		{628DA52B-DEB9-489D-BA99-5E5E37E3E445}.Debug|Any CPU.Build.0 = Debug|Any CPU
		{628DA52B-DEB9-489D-BA99-5E5E37E3E445}.Release|Any CPU.ActiveCfg = Release|Any CPU
		{628DA52B-DEB9-489D-BA99-5E5E37E3E445}.Release|Any CPU.Build.0 = Release|Any CPU
		{2D4CB0F3-3176-424A-901F-38BDD8BD0C3C}.Debug|Any CPU.ActiveCfg = Debug|Any CPU
		{2D4CB0F3-3176-424A-901F-38BDD8BD0C3C}.Debug|Any CPU.Build.0 = Debug|Any CPU
		{2D4CB0F3-3176-424A-901F-38BDD8BD0C3C}.Release|Any CPU.ActiveCfg = Release|Any CPU
		{2D4CB0F3-3176-424A-901F-38BDD8BD0C3C}.Release|Any CPU.Build.0 = Release|Any CPU
		{4834EF14-4BF1-429E-9991-DB682D7ECE23}.Debug|Any CPU.ActiveCfg = Debug|Any CPU
		{4834EF14-4BF1-429E-9991-DB682D7ECE23}.Debug|Any CPU.Build.0 = Debug|Any CPU
		{4834EF14-4BF1-429E-9991-DB682D7ECE23}.Release|Any CPU.ActiveCfg = Release|Any CPU
		{4834EF14-4BF1-429E-9991-DB682D7ECE23}.Release|Any CPU.Build.0 = Release|Any CPU
		{80151899-3B85-43A3-941D-B07D9597B6BC}.Debug|Any CPU.ActiveCfg = Debug|Any CPU
		{80151899-3B85-43A3-941D-B07D9597B6BC}.Debug|Any CPU.Build.0 = Debug|Any CPU
		{80151899-3B85-43A3-941D-B07D9597B6BC}.Release|Any CPU.ActiveCfg = Release|Any CPU
		{80151899-3B85-43A3-941D-B07D9597B6BC}.Release|Any CPU.Build.0 = Release|Any CPU
		{1D8F0F78-7630-48B0-819A-35A97A20EBCA}.Debug|Any CPU.ActiveCfg = Debug|Any CPU
		{1D8F0F78-7630-48B0-819A-35A97A20EBCA}.Debug|Any CPU.Build.0 = Debug|Any CPU
		{1D8F0F78-7630-48B0-819A-35A97A20EBCA}.Release|Any CPU.ActiveCfg = Release|Any CPU
		{1D8F0F78-7630-48B0-819A-35A97A20EBCA}.Release|Any CPU.Build.0 = Release|Any CPU
		{FC24E879-4FF2-4B7F-A7C1-69F5A64435F3}.Debug|Any CPU.ActiveCfg = Debug|Any CPU
		{FC24E879-4FF2-4B7F-A7C1-69F5A64435F3}.Debug|Any CPU.Build.0 = Debug|Any CPU
		{FC24E879-4FF2-4B7F-A7C1-69F5A64435F3}.Release|Any CPU.ActiveCfg = Release|Any CPU
		{FC24E879-4FF2-4B7F-A7C1-69F5A64435F3}.Release|Any CPU.Build.0 = Release|Any CPU
		{35F7126E-DBEC-453C-999B-0F4F13BCD430}.Debug|Any CPU.ActiveCfg = Debug|Any CPU
		{35F7126E-DBEC-453C-999B-0F4F13BCD430}.Debug|Any CPU.Build.0 = Debug|Any CPU
		{35F7126E-DBEC-453C-999B-0F4F13BCD430}.Release|Any CPU.ActiveCfg = Release|Any CPU
		{35F7126E-DBEC-453C-999B-0F4F13BCD430}.Release|Any CPU.Build.0 = Release|Any CPU
		{6DF42DF0-F56C-4298-A8C7-45577B66F5BE}.Debug|Any CPU.ActiveCfg = Debug|Any CPU
		{6DF42DF0-F56C-4298-A8C7-45577B66F5BE}.Debug|Any CPU.Build.0 = Debug|Any CPU
		{6DF42DF0-F56C-4298-A8C7-45577B66F5BE}.Release|Any CPU.ActiveCfg = Release|Any CPU
		{6DF42DF0-F56C-4298-A8C7-45577B66F5BE}.Release|Any CPU.Build.0 = Release|Any CPU
		{BE6E2342-E615-48CF-B561-535064C2A66E}.Debug|Any CPU.ActiveCfg = Debug|Any CPU
		{BE6E2342-E615-48CF-B561-535064C2A66E}.Debug|Any CPU.Build.0 = Debug|Any CPU
		{BE6E2342-E615-48CF-B561-535064C2A66E}.Release|Any CPU.ActiveCfg = Release|Any CPU
		{BE6E2342-E615-48CF-B561-535064C2A66E}.Release|Any CPU.Build.0 = Release|Any CPU
	EndGlobalSection
	GlobalSection(SolutionProperties) = preSolution
		HideSolutionNode = FALSE
	EndGlobalSection
	GlobalSection(ExtensibilityGlobals) = postSolution
		SolutionGuid = {E736E13D-D3EE-4BF4-9C24-F2D7A9D2E69F}
	EndGlobalSection
EndGlobal
